
Microsoft Visual Studio Solution File, Format Version 12.00
# Visual Studio Version 16
VisualStudioVersion = 16.0.31424.327
MinimumVisualStudioVersion = 10.0.40219.1
Project("{2150E333-8FDC-42A3-9474-1A3956D46DE8}") = "Presentation", "Presentation", "{70EBF37B-BF78-49B8-AB6C-83F43663DC7B}"
EndProject
Project("{FAE04EC0-301F-11D3-BF4B-00C04F79EFBC}") = "ClientRentaProject.Presentation.WinSite", "ClientRentaProject.Presentation.WinSite\ClientRentaProject.Presentation.WinSite.csproj", "{A800EC4A-F402-49AC-A564-5744F1F096C2}"
EndProject
Global
	GlobalSection(SolutionConfigurationPlatforms) = preSolution
		Debug|Any CPU = Debug|Any CPU
		Release|Any CPU = Release|Any CPU
	EndGlobalSection
	GlobalSection(ProjectConfigurationPlatforms) = postSolution
		{A800EC4A-F402-49AC-A564-5744F1F096C2}.Debug|Any CPU.ActiveCfg = Debug|Any CPU
		{A800EC4A-F402-49AC-A564-5744F1F096C2}.Debug|Any CPU.Build.0 = Debug|Any CPU
		{A800EC4A-F402-49AC-A564-5744F1F096C2}.Release|Any CPU.ActiveCfg = Release|Any CPU
		{A800EC4A-F402-49AC-A564-5744F1F096C2}.Release|Any CPU.Build.0 = Release|Any CPU
	EndGlobalSection
	GlobalSection(SolutionProperties) = preSolution
		HideSolutionNode = FALSE
	EndGlobalSection
	GlobalSection(NestedProjects) = preSolution
		{A800EC4A-F402-49AC-A564-5744F1F096C2} = {70EBF37B-BF78-49B8-AB6C-83F43663DC7B}
	EndGlobalSection
	GlobalSection(ExtensibilityGlobals) = postSolution
		SolutionGuid = {04FE9804-992F-416A-B55C-4EC8EB5CCCC2}
	EndGlobalSection
EndGlobal
